
Microsoft Visual Studio Solution File, Format Version 12.00
# Visual Studio Version 17
VisualStudioVersion = 17.12.35527.113 d17.12
MinimumVisualStudioVersion = 10.0.40219.1
Project("{FAE04EC0-301F-11D3-BF4B-00C04F79EFBC}") = "Assignment 5", "Assignment 5.csproj", "{58B13F01-7AB5-419E-A1E1-9D891EFC4CEC}"
EndProject
Global
	GlobalSection(SolutionConfigurationPlatforms) = preSolution
		Debug|Any CPU = Debug|Any CPU
		Release|Any CPU = Release|Any CPU
	EndGlobalSection
	GlobalSection(ProjectConfigurationPlatforms) = postSolution
		{58B13F01-7AB5-419E-A1E1-9D891EFC4CEC}.Debug|Any CPU.ActiveCfg = Debug|Any CPU
		{58B13F01-7AB5-419E-A1E1-9D891EFC4CEC}.Debug|Any CPU.Build.0 = Debug|Any CPU
		{58B13F01-7AB5-419E-A1E1-9D891EFC4CEC}.Release|Any CPU.ActiveCfg = Release|Any CPU
		{58B13F01-7AB5-419E-A1E1-9D891EFC4CEC}.Release|Any CPU.Build.0 = Release|Any CPU
	EndGlobalSection
	GlobalSection(SolutionProperties) = preSolution
		HideSolutionNode = FALSE
	EndGlobalSection
EndGlobal
